// !$*UTF8*$!
{
	archiveVersion = 1;
	classes = {
	};
	objectVersion = 50;
	objects = {

/* Begin PBXBuildFile section */
		E06F057026C3E7A1002D21E1 /* AppDelegate.swift in Sources */ = {isa = PBXBuildFile; fileRef = E06F056F26C3E7A1002D21E1 /* AppDelegate.swift */; };
		E06F057226C3E7A1002D21E1 /* SceneDelegate.swift in Sources */ = {isa = PBXBuildFile; fileRef = E06F057126C3E7A1002D21E1 /* SceneDelegate.swift */; };
		E06F057426C3E7A1002D21E1 /* PopularMovieListViewController.swift in Sources */ = {isa = PBXBuildFile; fileRef = E06F057326C3E7A1002D21E1 /* PopularMovieListViewController.swift */; };
		E06F057926C3E7A2002D21E1 /* Assets.xcassets in Resources */ = {isa = PBXBuildFile; fileRef = E06F057826C3E7A2002D21E1 /* Assets.xcassets */; };
		E06F057C26C3E7A2002D21E1 /* LaunchScreen.storyboard in Resources */ = {isa = PBXBuildFile; fileRef = E06F057A26C3E7A2002D21E1 /* LaunchScreen.storyboard */; };
		E06F058726C3E7A2002D21E1 /* PopularMoviesTests.swift in Sources */ = {isa = PBXBuildFile; fileRef = E06F058626C3E7A2002D21E1 /* PopularMoviesTests.swift */; };
		E06F059226C3E7A2002D21E1 /* PopularMoviesUITests.swift in Sources */ = {isa = PBXBuildFile; fileRef = E06F059126C3E7A2002D21E1 /* PopularMoviesUITests.swift */; };
		E06F05A426C3E8C2002D21E1 /* PopularMovieCell.swift in Sources */ = {isa = PBXBuildFile; fileRef = E06F05A326C3E8C2002D21E1 /* PopularMovieCell.swift */; };
		E09984AD26C40A8900C9B4CF /* DataRequest.swift in Sources */ = {isa = PBXBuildFile; fileRef = E09984AC26C40A8900C9B4CF /* DataRequest.swift */; };
		E09984B226C4102E00C9B4CF /* PopularMovieRequest.swift in Sources */ = {isa = PBXBuildFile; fileRef = E09984B126C4102E00C9B4CF /* PopularMovieRequest.swift */; };
		E09984B426C4154800C9B4CF /* ErrorResponse.swift in Sources */ = {isa = PBXBuildFile; fileRef = E09984B326C4154800C9B4CF /* ErrorResponse.swift */; };
		E09984B626C41C0800C9B4CF /* ImageRequest.swift in Sources */ = {isa = PBXBuildFile; fileRef = E09984B526C41C0800C9B4CF /* ImageRequest.swift */; };
		E09984B826C4203E00C9B4CF /* PopularMovieViewModel.swift in Sources */ = {isa = PBXBuildFile; fileRef = E09984B726C4203E00C9B4CF /* PopularMovieViewModel.swift */; };
		E0B3A36426C3E97F00C29042 /* MovieResponse.swift in Sources */ = {isa = PBXBuildFile; fileRef = E0B3A36326C3E97F00C29042 /* MovieResponse.swift */; };
		E0B3A36626C3EA3A00C29042 /* PopularMovieListViewModel.swift in Sources */ = {isa = PBXBuildFile; fileRef = E0B3A36526C3EA3A00C29042 /* PopularMovieListViewModel.swift */; };
		E0B3A36926C3EBA200C29042 /* NetworkService.swift in Sources */ = {isa = PBXBuildFile; fileRef = E0B3A36826C3EBA200C29042 /* NetworkService.swift */; };
		E0FB838B26C4DD7A006908B0 /* ImageClient.swift in Sources */ = {isa = PBXBuildFile; fileRef = E0FB838A26C4DD7A006908B0 /* ImageClient.swift */; };
/* End PBXBuildFile section */

/* Begin PBXContainerItemProxy section */
		E06F058326C3E7A2002D21E1 /* PBXContainerItemProxy */ = {
			isa = PBXContainerItemProxy;
			containerPortal = E06F056426C3E7A1002D21E1 /* Project object */;
			proxyType = 1;
			remoteGlobalIDString = E06F056B26C3E7A1002D21E1;
			remoteInfo = PopularMovies;
		};
		E06F058E26C3E7A2002D21E1 /* PBXContainerItemProxy */ = {
			isa = PBXContainerItemProxy;
			containerPortal = E06F056426C3E7A1002D21E1 /* Project object */;
			proxyType = 1;
			remoteGlobalIDString = E06F056B26C3E7A1002D21E1;
			remoteInfo = PopularMovies;
		};
/* End PBXContainerItemProxy section */

/* Begin PBXFileReference section */
		E06F056C26C3E7A1002D21E1 /* PopularMovies.app */ = {isa = PBXFileReference; explicitFileType = wrapper.application; includeInIndex = 0; path = PopularMovies.app; sourceTree = BUILT_PRODUCTS_DIR; };
		E06F056F26C3E7A1002D21E1 /* AppDelegate.swift */ = {isa = PBXFileReference; lastKnownFileType = sourcecode.swift; path = AppDelegate.swift; sourceTree = "<group>"; };
		E06F057126C3E7A1002D21E1 /* SceneDelegate.swift */ = {isa = PBXFileReference; lastKnownFileType = sourcecode.swift; path = SceneDelegate.swift; sourceTree = "<group>"; };
		E06F057326C3E7A1002D21E1 /* PopularMovieListViewController.swift */ = {isa = PBXFileReference; lastKnownFileType = sourcecode.swift; path = PopularMovieListViewController.swift; sourceTree = "<group>"; };
		E06F057826C3E7A2002D21E1 /* Assets.xcassets */ = {isa = PBXFileReference; lastKnownFileType = folder.assetcatalog; path = Assets.xcassets; sourceTree = "<group>"; };
		E06F057B26C3E7A2002D21E1 /* Base */ = {isa = PBXFileReference; lastKnownFileType = file.storyboard; name = Base; path = Base.lproj/LaunchScreen.storyboard; sourceTree = "<group>"; };
		E06F057D26C3E7A2002D21E1 /* Info.plist */ = {isa = PBXFileReference; lastKnownFileType = text.plist.xml; path = Info.plist; sourceTree = "<group>"; };
		E06F058226C3E7A2002D21E1 /* PopularMoviesTests.xctest */ = {isa = PBXFileReference; explicitFileType = wrapper.cfbundle; includeInIndex = 0; path = PopularMoviesTests.xctest; sourceTree = BUILT_PRODUCTS_DIR; };
		E06F058626C3E7A2002D21E1 /* PopularMoviesTests.swift */ = {isa = PBXFileReference; lastKnownFileType = sourcecode.swift; path = PopularMoviesTests.swift; sourceTree = "<group>"; };
		E06F058826C3E7A2002D21E1 /* Info.plist */ = {isa = PBXFileReference; lastKnownFileType = text.plist.xml; path = Info.plist; sourceTree = "<group>"; };
		E06F058D26C3E7A2002D21E1 /* PopularMoviesUITests.xctest */ = {isa = PBXFileReference; explicitFileType = wrapper.cfbundle; includeInIndex = 0; path = PopularMoviesUITests.xctest; sourceTree = BUILT_PRODUCTS_DIR; };
		E06F059126C3E7A2002D21E1 /* PopularMoviesUITests.swift */ = {isa = PBXFileReference; lastKnownFileType = sourcecode.swift; path = PopularMoviesUITests.swift; sourceTree = "<group>"; };
		E06F059326C3E7A2002D21E1 /* Info.plist */ = {isa = PBXFileReference; lastKnownFileType = text.plist.xml; path = Info.plist; sourceTree = "<group>"; };
		E06F05A326C3E8C2002D21E1 /* PopularMovieCell.swift */ = {isa = PBXFileReference; lastKnownFileType = sourcecode.swift; path = PopularMovieCell.swift; sourceTree = "<group>"; };
		E09984AC26C40A8900C9B4CF /* DataRequest.swift */ = {isa = PBXFileReference; lastKnownFileType = sourcecode.swift; path = DataRequest.swift; sourceTree = "<group>"; };
		E09984B126C4102E00C9B4CF /* PopularMovieRequest.swift */ = {isa = PBXFileReference; lastKnownFileType = sourcecode.swift; path = PopularMovieRequest.swift; sourceTree = "<group>"; };
		E09984B326C4154800C9B4CF /* ErrorResponse.swift */ = {isa = PBXFileReference; lastKnownFileType = sourcecode.swift; path = ErrorResponse.swift; sourceTree = "<group>"; };
		E09984B526C41C0800C9B4CF /* ImageRequest.swift */ = {isa = PBXFileReference; lastKnownFileType = sourcecode.swift; path = ImageRequest.swift; sourceTree = "<group>"; };
		E09984B726C4203E00C9B4CF /* PopularMovieViewModel.swift */ = {isa = PBXFileReference; lastKnownFileType = sourcecode.swift; path = PopularMovieViewModel.swift; sourceTree = "<group>"; };
		E0B3A36326C3E97F00C29042 /* MovieResponse.swift */ = {isa = PBXFileReference; lastKnownFileType = sourcecode.swift; path = MovieResponse.swift; sourceTree = "<group>"; };
		E0B3A36526C3EA3A00C29042 /* PopularMovieListViewModel.swift */ = {isa = PBXFileReference; lastKnownFileType = sourcecode.swift; path = PopularMovieListViewModel.swift; sourceTree = "<group>"; };
		E0B3A36826C3EBA200C29042 /* NetworkService.swift */ = {isa = PBXFileReference; lastKnownFileType = sourcecode.swift; path = NetworkService.swift; sourceTree = "<group>"; };
		E0FB838A26C4DD7A006908B0 /* ImageClient.swift */ = {isa = PBXFileReference; lastKnownFileType = sourcecode.swift; path = ImageClient.swift; sourceTree = "<group>"; };
/* End PBXFileReference section */

/* Begin PBXFrameworksBuildPhase section */
		E06F056926C3E7A1002D21E1 /* Frameworks */ = {
			isa = PBXFrameworksBuildPhase;
			buildActionMask = 2147483647;
			files = (
			);
			runOnlyForDeploymentPostprocessing = 0;
		};
		E06F057F26C3E7A2002D21E1 /* Frameworks */ = {
			isa = PBXFrameworksBuildPhase;
			buildActionMask = 2147483647;
			files = (
			);
			runOnlyForDeploymentPostprocessing = 0;
		};
		E06F058A26C3E7A2002D21E1 /* Frameworks */ = {
			isa = PBXFrameworksBuildPhase;
			buildActionMask = 2147483647;
			files = (
			);
			runOnlyForDeploymentPostprocessing = 0;
		};
/* End PBXFrameworksBuildPhase section */

/* Begin PBXGroup section */
		E06F056326C3E7A1002D21E1 = {
			isa = PBXGroup;
			children = (
				E06F056E26C3E7A1002D21E1 /* PopularMovies */,
				E06F058526C3E7A2002D21E1 /* PopularMoviesTests */,
				E06F059026C3E7A2002D21E1 /* PopularMoviesUITests */,
				E06F056D26C3E7A1002D21E1 /* Products */,
			);
			sourceTree = "<group>";
		};
		E06F056D26C3E7A1002D21E1 /* Products */ = {
			isa = PBXGroup;
			children = (
				E06F056C26C3E7A1002D21E1 /* PopularMovies.app */,
				E06F058226C3E7A2002D21E1 /* PopularMoviesTests.xctest */,
				E06F058D26C3E7A2002D21E1 /* PopularMoviesUITests.xctest */,
			);
			name = Products;
			sourceTree = "<group>";
		};
		E06F056E26C3E7A1002D21E1 /* PopularMovies */ = {
			isa = PBXGroup;
			children = (
				E0B3A36726C3EB9600C29042 /* Service */,
				E06F05A526C3E940002D21E1 /* Model */,
				E06F05A226C3E844002D21E1 /* View */,
				E06F05A126C3E83E002D21E1 /* ViewModel */,
				E06F05A026C3E835002D21E1 /* ViewController */,
				E06F059F26C3E7E7002D21E1 /* Application */,
				E06F057826C3E7A2002D21E1 /* Assets.xcassets */,
				E06F057A26C3E7A2002D21E1 /* LaunchScreen.storyboard */,
				E06F057D26C3E7A2002D21E1 /* Info.plist */,
			);
			path = PopularMovies;
			sourceTree = "<group>";
		};
		E06F058526C3E7A2002D21E1 /* PopularMoviesTests */ = {
			isa = PBXGroup;
			children = (
				E06F058626C3E7A2002D21E1 /* PopularMoviesTests.swift */,
				E06F058826C3E7A2002D21E1 /* Info.plist */,
			);
			path = PopularMoviesTests;
			sourceTree = "<group>";
		};
		E06F059026C3E7A2002D21E1 /* PopularMoviesUITests */ = {
			isa = PBXGroup;
			children = (
				E06F059126C3E7A2002D21E1 /* PopularMoviesUITests.swift */,
				E06F059326C3E7A2002D21E1 /* Info.plist */,
			);
			path = PopularMoviesUITests;
			sourceTree = "<group>";
		};
		E06F059F26C3E7E7002D21E1 /* Application */ = {
			isa = PBXGroup;
			children = (
				E06F056F26C3E7A1002D21E1 /* AppDelegate.swift */,
				E06F057126C3E7A1002D21E1 /* SceneDelegate.swift */,
			);
			path = Application;
			sourceTree = "<group>";
		};
		E06F05A026C3E835002D21E1 /* ViewController */ = {
			isa = PBXGroup;
			children = (
				E06F057326C3E7A1002D21E1 /* PopularMovieListViewController.swift */,
			);
			path = ViewController;
			sourceTree = "<group>";
		};
		E06F05A126C3E83E002D21E1 /* ViewModel */ = {
			isa = PBXGroup;
			children = (
				E0B3A36526C3EA3A00C29042 /* PopularMovieListViewModel.swift */,
				E09984B726C4203E00C9B4CF /* PopularMovieViewModel.swift */,
			);
			path = ViewModel;
			sourceTree = "<group>";
		};
		E06F05A226C3E844002D21E1 /* View */ = {
			isa = PBXGroup;
			children = (
				E06F05A326C3E8C2002D21E1 /* PopularMovieCell.swift */,
			);
			path = View;
			sourceTree = "<group>";
		};
		E06F05A526C3E940002D21E1 /* Model */ = {
			isa = PBXGroup;
			children = (
				E0B3A36326C3E97F00C29042 /* MovieResponse.swift */,
			);
			path = Model;
			sourceTree = "<group>";
		};
		E09984B026C4101E00C9B4CF /* Request */ = {
			isa = PBXGroup;
			children = (
				E09984B126C4102E00C9B4CF /* PopularMovieRequest.swift */,
				E09984B526C41C0800C9B4CF /* ImageRequest.swift */,
			);
			path = Request;
			sourceTree = "<group>";
		};
		E0B3A36726C3EB9600C29042 /* Service */ = {
			isa = PBXGroup;
			children = (
				E09984B026C4101E00C9B4CF /* Request */,
				E0B3A36826C3EBA200C29042 /* NetworkService.swift */,
				E09984AC26C40A8900C9B4CF /* DataRequest.swift */,
				E09984B326C4154800C9B4CF /* ErrorResponse.swift */,
				E0FB838A26C4DD7A006908B0 /* ImageClient.swift */,
			);
			path = Service;
			sourceTree = "<group>";
		};
/* End PBXGroup section */

/* Begin PBXNativeTarget section */
		E06F056B26C3E7A1002D21E1 /* PopularMovies */ = {
			isa = PBXNativeTarget;
			buildConfigurationList = E06F059626C3E7A2002D21E1 /* Build configuration list for PBXNativeTarget "PopularMovies" */;
			buildPhases = (
				E06F056826C3E7A1002D21E1 /* Sources */,
				E06F056926C3E7A1002D21E1 /* Frameworks */,
				E06F056A26C3E7A1002D21E1 /* Resources */,
			);
			buildRules = (
			);
			dependencies = (
			);
			name = PopularMovies;
			productName = PopularMovies;
			productReference = E06F056C26C3E7A1002D21E1 /* PopularMovies.app */;
			productType = "com.apple.product-type.application";
		};
		E06F058126C3E7A2002D21E1 /* PopularMoviesTests */ = {
			isa = PBXNativeTarget;
			buildConfigurationList = E06F059926C3E7A2002D21E1 /* Build configuration list for PBXNativeTarget "PopularMoviesTests" */;
			buildPhases = (
				E06F057E26C3E7A2002D21E1 /* Sources */,
				E06F057F26C3E7A2002D21E1 /* Frameworks */,
				E06F058026C3E7A2002D21E1 /* Resources */,
			);
			buildRules = (
			);
			dependencies = (
				E06F058426C3E7A2002D21E1 /* PBXTargetDependency */,
			);
			name = PopularMoviesTests;
			productName = PopularMoviesTests;
			productReference = E06F058226C3E7A2002D21E1 /* PopularMoviesTests.xctest */;
			productType = "com.apple.product-type.bundle.unit-test";
		};
		E06F058C26C3E7A2002D21E1 /* PopularMoviesUITests */ = {
			isa = PBXNativeTarget;
			buildConfigurationList = E06F059C26C3E7A2002D21E1 /* Build configuration list for PBXNativeTarget "PopularMoviesUITests" */;
			buildPhases = (
				E06F058926C3E7A2002D21E1 /* Sources */,
				E06F058A26C3E7A2002D21E1 /* Frameworks */,
				E06F058B26C3E7A2002D21E1 /* Resources */,
			);
			buildRules = (
			);
			dependencies = (
				E06F058F26C3E7A2002D21E1 /* PBXTargetDependency */,
			);
			name = PopularMoviesUITests;
			productName = PopularMoviesUITests;
			productReference = E06F058D26C3E7A2002D21E1 /* PopularMoviesUITests.xctest */;
			productType = "com.apple.product-type.bundle.ui-testing";
		};
/* End PBXNativeTarget section */

/* Begin PBXProject section */
		E06F056426C3E7A1002D21E1 /* Project object */ = {
			isa = PBXProject;
			attributes = {
				LastSwiftUpdateCheck = 1250;
				LastUpgradeCheck = 1250;
				TargetAttributes = {
					E06F056B26C3E7A1002D21E1 = {
						CreatedOnToolsVersion = 12.5.1;
					};
					E06F058126C3E7A2002D21E1 = {
						CreatedOnToolsVersion = 12.5.1;
						TestTargetID = E06F056B26C3E7A1002D21E1;
					};
					E06F058C26C3E7A2002D21E1 = {
						CreatedOnToolsVersion = 12.5.1;
						TestTargetID = E06F056B26C3E7A1002D21E1;
					};
				};
			};
			buildConfigurationList = E06F056726C3E7A1002D21E1 /* Build configuration list for PBXProject "PopularMovies" */;
			compatibilityVersion = "Xcode 9.3";
			developmentRegion = en;
			hasScannedForEncodings = 0;
			knownRegions = (
				en,
				Base,
			);
			mainGroup = E06F056326C3E7A1002D21E1;
			productRefGroup = E06F056D26C3E7A1002D21E1 /* Products */;
			projectDirPath = "";
			projectRoot = "";
			targets = (
				E06F056B26C3E7A1002D21E1 /* PopularMovies */,
				E06F058126C3E7A2002D21E1 /* PopularMoviesTests */,
				E06F058C26C3E7A2002D21E1 /* PopularMoviesUITests */,
			);
		};
/* End PBXProject section */

/* Begin PBXResourcesBuildPhase section */
		E06F056A26C3E7A1002D21E1 /* Resources */ = {
			isa = PBXResourcesBuildPhase;
			buildActionMask = 2147483647;
			files = (
				E06F057C26C3E7A2002D21E1 /* LaunchScreen.storyboard in Resources */,
				E06F057926C3E7A2002D21E1 /* Assets.xcassets in Resources */,
			);
			runOnlyForDeploymentPostprocessing = 0;
		};
		E06F058026C3E7A2002D21E1 /* Resources */ = {
			isa = PBXResourcesBuildPhase;
			buildActionMask = 2147483647;
			files = (
			);
			runOnlyForDeploymentPostprocessing = 0;
		};
		E06F058B26C3E7A2002D21E1 /* Resources */ = {
			isa = PBXResourcesBuildPhase;
			buildActionMask = 2147483647;
			files = (
			);
			runOnlyForDeploymentPostprocessing = 0;
		};
/* End PBXResourcesBuildPhase section */

/* Begin PBXSourcesBuildPhase section */
		E06F056826C3E7A1002D21E1 /* Sources */ = {
			isa = PBXSourcesBuildPhase;
			buildActionMask = 2147483647;
			files = (
				E06F05A426C3E8C2002D21E1 /* PopularMovieCell.swift in Sources */,
				E09984B626C41C0800C9B4CF /* ImageRequest.swift in Sources */,
				E0B3A36426C3E97F00C29042 /* MovieResponse.swift in Sources */,
				E06F057426C3E7A1002D21E1 /* PopularMovieListViewController.swift in Sources */,
				E0B3A36626C3EA3A00C29042 /* PopularMovieListViewModel.swift in Sources */,
				E06F057026C3E7A1002D21E1 /* AppDelegate.swift in Sources */,
				E09984B426C4154800C9B4CF /* ErrorResponse.swift in Sources */,
				E06F057226C3E7A1002D21E1 /* SceneDelegate.swift in Sources */,
				E09984B226C4102E00C9B4CF /* PopularMovieRequest.swift in Sources */,
				E0FB838B26C4DD7A006908B0 /* ImageClient.swift in Sources */,
				E09984B826C4203E00C9B4CF /* PopularMovieViewModel.swift in Sources */,
				E0B3A36926C3EBA200C29042 /* NetworkService.swift in Sources */,
				E09984AD26C40A8900C9B4CF /* DataRequest.swift in Sources */,
			);
			runOnlyForDeploymentPostprocessing = 0;
		};
		E06F057E26C3E7A2002D21E1 /* Sources */ = {
			isa = PBXSourcesBuildPhase;
			buildActionMask = 2147483647;
			files = (
				E06F058726C3E7A2002D21E1 /* PopularMoviesTests.swift in Sources */,
			);
			runOnlyForDeploymentPostprocessing = 0;
		};
		E06F058926C3E7A2002D21E1 /* Sources */ = {
			isa = PBXSourcesBuildPhase;
			buildActionMask = 2147483647;
			files = (
				E06F059226C3E7A2002D21E1 /* PopularMoviesUITests.swift in Sources */,
			);
			runOnlyForDeploymentPostprocessing = 0;
		};
/* End PBXSourcesBuildPhase section */

/* Begin PBXTargetDependency section */
		E06F058426C3E7A2002D21E1 /* PBXTargetDependency */ = {
			isa = PBXTargetDependency;
			target = E06F056B26C3E7A1002D21E1 /* PopularMovies */;
			targetProxy = E06F058326C3E7A2002D21E1 /* PBXContainerItemProxy */;
		};
		E06F058F26C3E7A2002D21E1 /* PBXTargetDependency */ = {
			isa = PBXTargetDependency;
			target = E06F056B26C3E7A1002D21E1 /* PopularMovies */;
			targetProxy = E06F058E26C3E7A2002D21E1 /* PBXContainerItemProxy */;
		};
/* End PBXTargetDependency section */

/* Begin PBXVariantGroup section */
		E06F057A26C3E7A2002D21E1 /* LaunchScreen.storyboard */ = {
			isa = PBXVariantGroup;
			children = (
				E06F057B26C3E7A2002D21E1 /* Base */,
			);
			name = LaunchScreen.storyboard;
			sourceTree = "<group>";
		};
/* End PBXVariantGroup section */

/* Begin XCBuildConfiguration section */
		E06F059426C3E7A2002D21E1 /* Debug */ = {
			isa = XCBuildConfiguration;
			buildSettings = {
				ALWAYS_SEARCH_USER_PATHS = NO;
				CLANG_ANALYZER_NONNULL = YES;
				CLANG_ANALYZER_NUMBER_OBJECT_CONVERSION = YES_AGGRESSIVE;
				CLANG_CXX_LANGUAGE_STANDARD = "gnu++14";
				CLANG_CXX_LIBRARY = "libc++";
				CLANG_ENABLE_MODULES = YES;
				CLANG_ENABLE_OBJC_ARC = YES;
				CLANG_ENABLE_OBJC_WEAK = YES;
				CLANG_WARN_BLOCK_CAPTURE_AUTORELEASING = YES;
				CLANG_WARN_BOOL_CONVERSION = YES;
				CLANG_WARN_COMMA = YES;
				CLANG_WARN_CONSTANT_CONVERSION = YES;
				CLANG_WARN_DEPRECATED_OBJC_IMPLEMENTATIONS = YES;
				CLANG_WARN_DIRECT_OBJC_ISA_USAGE = YES_ERROR;
				CLANG_WARN_DOCUMENTATION_COMMENTS = YES;
				CLANG_WARN_EMPTY_BODY = YES;
				CLANG_WARN_ENUM_CONVERSION = YES;
				CLANG_WARN_INFINITE_RECURSION = YES;
				CLANG_WARN_INT_CONVERSION = YES;
				CLANG_WARN_NON_LITERAL_NULL_CONVERSION = YES;
				CLANG_WARN_OBJC_IMPLICIT_RETAIN_SELF = YES;
				CLANG_WARN_OBJC_LITERAL_CONVERSION = YES;
				CLANG_WARN_OBJC_ROOT_CLASS = YES_ERROR;
				CLANG_WARN_QUOTED_INCLUDE_IN_FRAMEWORK_HEADER = YES;
				CLANG_WARN_RANGE_LOOP_ANALYSIS = YES;
				CLANG_WARN_STRICT_PROTOTYPES = YES;
				CLANG_WARN_SUSPICIOUS_MOVE = YES;
				CLANG_WARN_UNGUARDED_AVAILABILITY = YES_AGGRESSIVE;
				CLANG_WARN_UNREACHABLE_CODE = YES;
				CLANG_WARN__DUPLICATE_METHOD_MATCH = YES;
				COPY_PHASE_STRIP = NO;
				DEBUG_INFORMATION_FORMAT = dwarf;
				ENABLE_STRICT_OBJC_MSGSEND = YES;
				ENABLE_TESTABILITY = YES;
				GCC_C_LANGUAGE_STANDARD = gnu11;
				GCC_DYNAMIC_NO_PIC = NO;
				GCC_NO_COMMON_BLOCKS = YES;
				GCC_OPTIMIZATION_LEVEL = 0;
				GCC_PREPROCESSOR_DEFINITIONS = (
					"DEBUG=1",
					"$(inherited)",
				);
				GCC_WARN_64_TO_32_BIT_CONVERSION = YES;
				GCC_WARN_ABOUT_RETURN_TYPE = YES_ERROR;
				GCC_WARN_UNDECLARED_SELECTOR = YES;
				GCC_WARN_UNINITIALIZED_AUTOS = YES_AGGRESSIVE;
				GCC_WARN_UNUSED_FUNCTION = YES;
				GCC_WARN_UNUSED_VARIABLE = YES;
				IPHONEOS_DEPLOYMENT_TARGET = 14.5;
				MTL_ENABLE_DEBUG_INFO = INCLUDE_SOURCE;
				MTL_FAST_MATH = YES;
				ONLY_ACTIVE_ARCH = YES;
				SDKROOT = iphoneos;
				SWIFT_ACTIVE_COMPILATION_CONDITIONS = DEBUG;
				SWIFT_OPTIMIZATION_LEVEL = "-Onone";
			};
			name = Debug;
		};
		E06F059526C3E7A2002D21E1 /* Release */ = {
			isa = XCBuildConfiguration;
			buildSettings = {
				ALWAYS_SEARCH_USER_PATHS = NO;
				CLANG_ANALYZER_NONNULL = YES;
				CLANG_ANALYZER_NUMBER_OBJECT_CONVERSION = YES_AGGRESSIVE;
				CLANG_CXX_LANGUAGE_STANDARD = "gnu++14";
				CLANG_CXX_LIBRARY = "libc++";
				CLANG_ENABLE_MODULES = YES;
				CLANG_ENABLE_OBJC_ARC = YES;
				CLANG_ENABLE_OBJC_WEAK = YES;
				CLANG_WARN_BLOCK_CAPTURE_AUTORELEASING = YES;
				CLANG_WARN_BOOL_CONVERSION = YES;
				CLANG_WARN_COMMA = YES;
				CLANG_WARN_CONSTANT_CONVERSION = YES;
				CLANG_WARN_DEPRECATED_OBJC_IMPLEMENTATIONS = YES;
				CLANG_WARN_DIRECT_OBJC_ISA_USAGE = YES_ERROR;
				CLANG_WARN_DOCUMENTATION_COMMENTS = YES;
				CLANG_WARN_EMPTY_BODY = YES;
				CLANG_WARN_ENUM_CONVERSION = YES;
				CLANG_WARN_INFINITE_RECURSION = YES;
				CLANG_WARN_INT_CONVERSION = YES;
				CLANG_WARN_NON_LITERAL_NULL_CONVERSION = YES;
				CLANG_WARN_OBJC_IMPLICIT_RETAIN_SELF = YES;
				CLANG_WARN_OBJC_LITERAL_CONVERSION = YES;
				CLANG_WARN_OBJC_ROOT_CLASS = YES_ERROR;
				CLANG_WARN_QUOTED_INCLUDE_IN_FRAMEWORK_HEADER = YES;
				CLANG_WARN_RANGE_LOOP_ANALYSIS = YES;
				CLANG_WARN_STRICT_PROTOTYPES = YES;
				CLANG_WARN_SUSPICIOUS_MOVE = YES;
				CLANG_WARN_UNGUARDED_AVAILABILITY = YES_AGGRESSIVE;
				CLANG_WARN_UNREACHABLE_CODE = YES;
				CLANG_WARN__DUPLICATE_METHOD_MATCH = YES;
				COPY_PHASE_STRIP = NO;
				DEBUG_INFORMATION_FORMAT = "dwarf-with-dsym";
				ENABLE_NS_ASSERTIONS = NO;
				ENABLE_STRICT_OBJC_MSGSEND = YES;
				GCC_C_LANGUAGE_STANDARD = gnu11;
				GCC_NO_COMMON_BLOCKS = YES;
				GCC_WARN_64_TO_32_BIT_CONVERSION = YES;
				GCC_WARN_ABOUT_RETURN_TYPE = YES_ERROR;
				GCC_WARN_UNDECLARED_SELECTOR = YES;
				GCC_WARN_UNINITIALIZED_AUTOS = YES_AGGRESSIVE;
				GCC_WARN_UNUSED_FUNCTION = YES;
				GCC_WARN_UNUSED_VARIABLE = YES;
				IPHONEOS_DEPLOYMENT_TARGET = 14.5;
				MTL_ENABLE_DEBUG_INFO = NO;
				MTL_FAST_MATH = YES;
				SDKROOT = iphoneos;
				SWIFT_COMPILATION_MODE = wholemodule;
				SWIFT_OPTIMIZATION_LEVEL = "-O";
				VALIDATE_PRODUCT = YES;
			};
			name = Release;
		};
		E06F059726C3E7A2002D21E1 /* Debug */ = {
			isa = XCBuildConfiguration;
			buildSettings = {
				ASSETCATALOG_COMPILER_APPICON_NAME = AppIcon;
				ASSETCATALOG_COMPILER_GLOBAL_ACCENT_COLOR_NAME = AccentColor;
				CODE_SIGN_STYLE = Automatic;
				DEVELOPMENT_TEAM = DCWH676888;
				INFOPLIST_FILE = PopularMovies/Info.plist;
				LD_RUNPATH_SEARCH_PATHS = (
					"$(inherited)",
					"@executable_path/Frameworks",
				);
				PRODUCT_BUNDLE_IDENTIFIER = tifofoundation.PopularMovies;
				PRODUCT_NAME = "$(TARGET_NAME)";
				SWIFT_VERSION = 5.0;
				TARGETED_DEVICE_FAMILY = "1,2";
			};
			name = Debug;
		};
		E06F059826C3E7A2002D21E1 /* Release */ = {
			isa = XCBuildConfiguration;
			buildSettings = {
				ASSETCATALOG_COMPILER_APPICON_NAME = AppIcon;
				ASSETCATALOG_COMPILER_GLOBAL_ACCENT_COLOR_NAME = AccentColor;
				CODE_SIGN_STYLE = Automatic;
				DEVELOPMENT_TEAM = DCWH676888;
				INFOPLIST_FILE = PopularMovies/Info.plist;
				LD_RUNPATH_SEARCH_PATHS = (
					"$(inherited)",
					"@executable_path/Frameworks",
				);
				PRODUCT_BUNDLE_IDENTIFIER = tifofoundation.PopularMovies;
				PRODUCT_NAME = "$(TARGET_NAME)";
				SWIFT_VERSION = 5.0;
				TARGETED_DEVICE_FAMILY = "1,2";
			};
			name = Release;
		};
		E06F059A26C3E7A2002D21E1 /* Debug */ = {
			isa = XCBuildConfiguration;
			buildSettings = {
				ALWAYS_EMBED_SWIFT_STANDARD_LIBRARIES = YES;
				BUNDLE_LOADER = "$(TEST_HOST)";
				CODE_SIGN_STYLE = Automatic;
				DEVELOPMENT_TEAM = DCWH676888;
				INFOPLIST_FILE = PopularMoviesTests/Info.plist;
				IPHONEOS_DEPLOYMENT_TARGET = 14.5;
				LD_RUNPATH_SEARCH_PATHS = (
					"$(inherited)",
					"@executable_path/Frameworks",
					"@loader_path/Frameworks",
				);
				PRODUCT_BUNDLE_IDENTIFIER = tifofoundation.PopularMoviesTests;
				PRODUCT_NAME = "$(TARGET_NAME)";
				SWIFT_VERSION = 5.0;
				TARGETED_DEVICE_FAMILY = "1,2";
				TEST_HOST = "$(BUILT_PRODUCTS_DIR)/PopularMovies.app/PopularMovies";
			};
			name = Debug;
		};
		E06F059B26C3E7A2002D21E1 /* Release */ = {
			isa = XCBuildConfiguration;
			buildSettings = {
				ALWAYS_EMBED_SWIFT_STANDARD_LIBRARIES = YES;
				BUNDLE_LOADER = "$(TEST_HOST)";
				CODE_SIGN_STYLE = Automatic;
				DEVELOPMENT_TEAM = DCWH676888;
				INFOPLIST_FILE = PopularMoviesTests/Info.plist;
				IPHONEOS_DEPLOYMENT_TARGET = 14.5;
				LD_RUNPATH_SEARCH_PATHS = (
					"$(inherited)",
					"@executable_path/Frameworks",
					"@loader_path/Frameworks",
				);
				PRODUCT_BUNDLE_IDENTIFIER = tifofoundation.PopularMoviesTests;
				PRODUCT_NAME = "$(TARGET_NAME)";
				SWIFT_VERSION = 5.0;
				TARGETED_DEVICE_FAMILY = "1,2";
				TEST_HOST = "$(BUILT_PRODUCTS_DIR)/PopularMovies.app/PopularMovies";
			};
			name = Release;
		};
		E06F059D26C3E7A2002D21E1 /* Debug */ = {
			isa = XCBuildConfiguration;
			buildSettings = {
				ALWAYS_EMBED_SWIFT_STANDARD_LIBRARIES = YES;
				CODE_SIGN_STYLE = Automatic;
				DEVELOPMENT_TEAM = DCWH676888;
				INFOPLIST_FILE = PopularMoviesUITests/Info.plist;
				LD_RUNPATH_SEARCH_PATHS = (
					"$(inherited)",
					"@executable_path/Frameworks",
					"@loader_path/Frameworks",
				);
				PRODUCT_BUNDLE_IDENTIFIER = tifofoundation.PopularMoviesUITests;
				PRODUCT_NAME = "$(TARGET_NAME)";
				SWIFT_VERSION = 5.0;
				TARGETED_DEVICE_FAMILY = "1,2";
				TEST_TARGET_NAME = PopularMovies;
			};
			name = Debug;
		};
		E06F059E26C3E7A2002D21E1 /* Release */ = {
			isa = XCBuildConfiguration;
			buildSettings = {
				ALWAYS_EMBED_SWIFT_STANDARD_LIBRARIES = YES;
				CODE_SIGN_STYLE = Automatic;
				DEVELOPMENT_TEAM = DCWH676888;
				INFOPLIST_FILE = PopularMoviesUITests/Info.plist;
				LD_RUNPATH_SEARCH_PATHS = (
					"$(inherited)",
					"@executable_path/Frameworks",
					"@loader_path/Frameworks",
				);
				PRODUCT_BUNDLE_IDENTIFIER = tifofoundation.PopularMoviesUITests;
				PRODUCT_NAME = "$(TARGET_NAME)";
				SWIFT_VERSION = 5.0;
				TARGETED_DEVICE_FAMILY = "1,2";
				TEST_TARGET_NAME = PopularMovies;
			};
			name = Release;
		};
/* End XCBuildConfiguration section */

/* Begin XCConfigurationList section */
		E06F056726C3E7A1002D21E1 /* Build configuration list for PBXProject "PopularMovies" */ = {
			isa = XCConfigurationList;
			buildConfigurations = (
				E06F059426C3E7A2002D21E1 /* Debug */,
				E06F059526C3E7A2002D21E1 /* Release */,
			);
			defaultConfigurationIsVisible = 0;
			defaultConfigurationName = Release;
		};
		E06F059626C3E7A2002D21E1 /* Build configuration list for PBXNativeTarget "PopularMovies" */ = {
			isa = XCConfigurationList;
			buildConfigurations = (
				E06F059726C3E7A2002D21E1 /* Debug */,
				E06F059826C3E7A2002D21E1 /* Release */,
			);
			defaultConfigurationIsVisible = 0;
			defaultConfigurationName = Release;
		};
		E06F059926C3E7A2002D21E1 /* Build configuration list for PBXNativeTarget "PopularMoviesTests" */ = {
			isa = XCConfigurationList;
			buildConfigurations = (
				E06F059A26C3E7A2002D21E1 /* Debug */,
				E06F059B26C3E7A2002D21E1 /* Release */,
			);
			defaultConfigurationIsVisible = 0;
			defaultConfigurationName = Release;
		};
		E06F059C26C3E7A2002D21E1 /* Build configuration list for PBXNativeTarget "PopularMoviesUITests" */ = {
			isa = XCConfigurationList;
			buildConfigurations = (
				E06F059D26C3E7A2002D21E1 /* Debug */,
				E06F059E26C3E7A2002D21E1 /* Release */,
			);
			defaultConfigurationIsVisible = 0;
			defaultConfigurationName = Release;
		};
/* End XCConfigurationList section */
	};
	rootObject = E06F056426C3E7A1002D21E1 /* Project object */;
}
